// !$*UTF8*$!
{
	archiveVersion = 1;
	classes = {
	};
	objectVersion = 55;
	objects = {

/* Begin PBXBuildFile section */
		7C18560728F36A6A009D3282 /* NASAData.swift in Sources */ = {isa = PBXBuildFile; fileRef = 7C18560628F36A6A009D3282 /* NASAData.swift */; };
		7C18560928F3711E009D3282 /* NASAModel.swift in Sources */ = {isa = PBXBuildFile; fileRef = 7C18560828F3711E009D3282 /* NASAModel.swift */; };
		7C18560B28F3720D009D3282 /* NASAManager.swift in Sources */ = {isa = PBXBuildFile; fileRef = 7C18560A28F3720D009D3282 /* NASAManager.swift */; };
		7C18560D28F37A09009D3282 /* NASAManagerDelegate.swift in Sources */ = {isa = PBXBuildFile; fileRef = 7C18560C28F37A09009D3282 /* NASAManagerDelegate.swift */; };
		7C29F6D928D12B2600D2807F /* QuizViewController.swift in Sources */ = {isa = PBXBuildFile; fileRef = 7C29F6D828D12B2600D2807F /* QuizViewController.swift */; };
		7C29F6DB28D12F1400D2807F /* Question.swift in Sources */ = {isa = PBXBuildFile; fileRef = 7C29F6DA28D12F1400D2807F /* Question.swift */; };
		7C29F6DD28D12F7500D2807F /* Quiz.swift in Sources */ = {isa = PBXBuildFile; fileRef = 7C29F6DC28D12F7500D2807F /* Quiz.swift */; };
		7C764AAB28AC381700B00E7C /* Assets.xcassets in Resources */ = {isa = PBXBuildFile; fileRef = 7C764AAA28AC381700B00E7C /* Assets.xcassets */; };
		7C8EE85E28708C1100B695A4 /* AppDelegate.swift in Sources */ = {isa = PBXBuildFile; fileRef = 7C8EE85D28708C1100B695A4 /* AppDelegate.swift */; };
		7C8EE86028708C1100B695A4 /* SceneDelegate.swift in Sources */ = {isa = PBXBuildFile; fileRef = 7C8EE85F28708C1100B695A4 /* SceneDelegate.swift */; };
		7C8EE86228708C1100B695A4 /* ViewController.swift in Sources */ = {isa = PBXBuildFile; fileRef = 7C8EE86128708C1100B695A4 /* ViewController.swift */; };
		7C8EE86528708C1100B695A4 /* Main.storyboard in Resources */ = {isa = PBXBuildFile; fileRef = 7C8EE86328708C1100B695A4 /* Main.storyboard */; };
		7C8EE86A28708C1300B695A4 /* LaunchScreen.storyboard in Resources */ = {isa = PBXBuildFile; fileRef = 7C8EE86828708C1300B695A4 /* LaunchScreen.storyboard */; };
/* End PBXBuildFile section */

/* Begin PBXFileReference section */
		7C18560628F36A6A009D3282 /* NASAData.swift */ = {isa = PBXFileReference; lastKnownFileType = sourcecode.swift; path = NASAData.swift; sourceTree = "<group>"; };
		7C18560828F3711E009D3282 /* NASAModel.swift */ = {isa = PBXFileReference; lastKnownFileType = sourcecode.swift; path = NASAModel.swift; sourceTree = "<group>"; };
		7C18560A28F3720D009D3282 /* NASAManager.swift */ = {isa = PBXFileReference; lastKnownFileType = sourcecode.swift; path = NASAManager.swift; sourceTree = "<group>"; };
		7C18560C28F37A09009D3282 /* NASAManagerDelegate.swift */ = {isa = PBXFileReference; lastKnownFileType = sourcecode.swift; path = NASAManagerDelegate.swift; sourceTree = "<group>"; };
		7C29F6D828D12B2600D2807F /* QuizViewController.swift */ = {isa = PBXFileReference; lastKnownFileType = sourcecode.swift; path = QuizViewController.swift; sourceTree = "<group>"; };
		7C29F6DA28D12F1400D2807F /* Question.swift */ = {isa = PBXFileReference; lastKnownFileType = sourcecode.swift; path = Question.swift; sourceTree = "<group>"; };
		7C29F6DC28D12F7500D2807F /* Quiz.swift */ = {isa = PBXFileReference; lastKnownFileType = sourcecode.swift; path = Quiz.swift; sourceTree = "<group>"; };
		7C764AAA28AC381700B00E7C /* Assets.xcassets */ = {isa = PBXFileReference; lastKnownFileType = folder.assetcatalog; path = Assets.xcassets; sourceTree = "<group>"; };
		7C8EE85A28708C1100B695A4 /* Vetnesra.app */ = {isa = PBXFileReference; explicitFileType = wrapper.application; includeInIndex = 0; path = Vetnesra.app; sourceTree = BUILT_PRODUCTS_DIR; };
		7C8EE85D28708C1100B695A4 /* AppDelegate.swift */ = {isa = PBXFileReference; lastKnownFileType = sourcecode.swift; path = AppDelegate.swift; sourceTree = "<group>"; };
		7C8EE85F28708C1100B695A4 /* SceneDelegate.swift */ = {isa = PBXFileReference; lastKnownFileType = sourcecode.swift; path = SceneDelegate.swift; sourceTree = "<group>"; };
		7C8EE86128708C1100B695A4 /* ViewController.swift */ = {isa = PBXFileReference; lastKnownFileType = sourcecode.swift; path = ViewController.swift; sourceTree = "<group>"; };
		7C8EE86428708C1100B695A4 /* Base */ = {isa = PBXFileReference; lastKnownFileType = file.storyboard; name = Base; path = Base.lproj/Main.storyboard; sourceTree = "<group>"; };
		7C8EE86928708C1300B695A4 /* Base */ = {isa = PBXFileReference; lastKnownFileType = file.storyboard; name = Base; path = Base.lproj/LaunchScreen.storyboard; sourceTree = "<group>"; };
		7C8EE86B28708C1300B695A4 /* Info.plist */ = {isa = PBXFileReference; lastKnownFileType = text.plist.xml; path = Info.plist; sourceTree = "<group>"; };
/* End PBXFileReference section */

/* Begin PBXFrameworksBuildPhase section */
		7C8EE85728708C1100B695A4 /* Frameworks */ = {
			isa = PBXFrameworksBuildPhase;
			buildActionMask = 2147483647;
			files = (
			);
			runOnlyForDeploymentPostprocessing = 0;
		};
/* End PBXFrameworksBuildPhase section */

/* Begin PBXGroup section */
		7C18560328F369E1009D3282 /* Model */ = {
			isa = PBXGroup;
			children = (
				7C29F6DA28D12F1400D2807F /* Question.swift */,
				7C29F6DC28D12F7500D2807F /* Quiz.swift */,
				7C18560628F36A6A009D3282 /* NASAData.swift */,
				7C18560828F3711E009D3282 /* NASAModel.swift */,
				7C18560A28F3720D009D3282 /* NASAManager.swift */,
				7C18560C28F37A09009D3282 /* NASAManagerDelegate.swift */,
			);
			path = Model;
			sourceTree = "<group>";
		};
		7C18560428F36A1D009D3282 /* Controller */ = {
			isa = PBXGroup;
			children = (
				7C8EE86128708C1100B695A4 /* ViewController.swift */,
				7C29F6D828D12B2600D2807F /* QuizViewController.swift */,
			);
			path = Controller;
			sourceTree = "<group>";
		};
		7C18560528F36A24009D3282 /* View */ = {
			isa = PBXGroup;
			children = (
				7C8EE86328708C1100B695A4 /* Main.storyboard */,
			);
			path = View;
			sourceTree = "<group>";
		};
		7C8EE85128708C1100B695A4 = {
			isa = PBXGroup;
			children = (
				7C8EE85C28708C1100B695A4 /* Vetnesra */,
				7C8EE85B28708C1100B695A4 /* Products */,
			);
			sourceTree = "<group>";
		};
		7C8EE85B28708C1100B695A4 /* Products */ = {
			isa = PBXGroup;
			children = (
				7C8EE85A28708C1100B695A4 /* Vetnesra.app */,
			);
			name = Products;
			sourceTree = "<group>";
		};
		7C8EE85C28708C1100B695A4 /* Vetnesra */ = {
			isa = PBXGroup;
			children = (
				7C8EE85D28708C1100B695A4 /* AppDelegate.swift */,
				7C8EE85F28708C1100B695A4 /* SceneDelegate.swift */,
				7C18560328F369E1009D3282 /* Model */,
				7C18560528F36A24009D3282 /* View */,
				7C18560428F36A1D009D3282 /* Controller */,
				7C8EE86828708C1300B695A4 /* LaunchScreen.storyboard */,
				7C764AAA28AC381700B00E7C /* Assets.xcassets */,
				7C8EE86B28708C1300B695A4 /* Info.plist */,
			);
			path = Vetnesra;
			sourceTree = "<group>";
		};
/* End PBXGroup section */

/* Begin PBXNativeTarget section */
		7C8EE85928708C1100B695A4 /* Vetnesra */ = {
			isa = PBXNativeTarget;
			buildConfigurationList = 7C8EE86E28708C1300B695A4 /* Build configuration list for PBXNativeTarget "Vetnesra" */;
			buildPhases = (
				7C8EE85628708C1100B695A4 /* Sources */,
				7C8EE85728708C1100B695A4 /* Frameworks */,
				7C8EE85828708C1100B695A4 /* Resources */,
			);
			buildRules = (
			);
			dependencies = (
			);
			name = Vetnesra;
			productName = Vetnesra;
			productReference = 7C8EE85A28708C1100B695A4 /* Vetnesra.app */;
			productType = "com.apple.product-type.application";
		};
/* End PBXNativeTarget section */

/* Begin PBXProject section */
		7C8EE85228708C1100B695A4 /* Project object */ = {
			isa = PBXProject;
			attributes = {
				BuildIndependentTargetsInParallel = 1;
				LastSwiftUpdateCheck = 1330;
				LastUpgradeCheck = 1330;
				TargetAttributes = {
					7C8EE85928708C1100B695A4 = {
						CreatedOnToolsVersion = 13.3.1;
					};
				};
			};
			buildConfigurationList = 7C8EE85528708C1100B695A4 /* Build configuration list for PBXProject "Vetnesra" */;
			compatibilityVersion = "Xcode 13.0";
			developmentRegion = en;
			hasScannedForEncodings = 0;
			knownRegions = (
				en,
				Base,
			);
			mainGroup = 7C8EE85128708C1100B695A4;
			productRefGroup = 7C8EE85B28708C1100B695A4 /* Products */;
			projectDirPath = "";
			projectRoot = "";
			targets = (
				7C8EE85928708C1100B695A4 /* Vetnesra */,
			);
		};
/* End PBXProject section */

/* Begin PBXResourcesBuildPhase section */
		7C8EE85828708C1100B695A4 /* Resources */ = {
			isa = PBXResourcesBuildPhase;
			buildActionMask = 2147483647;
			files = (
				7C8EE86A28708C1300B695A4 /* LaunchScreen.storyboard in Resources */,
				7C764AAB28AC381700B00E7C /* Assets.xcassets in Resources */,
				7C8EE86528708C1100B695A4 /* Main.storyboard in Resources */,
			);
			runOnlyForDeploymentPostprocessing = 0;
		};
/* End PBXResourcesBuildPhase section */

/* Begin PBXSourcesBuildPhase section */
		7C8EE85628708C1100B695A4 /* Sources */ = {
			isa = PBXSourcesBuildPhase;
			buildActionMask = 2147483647;
			files = (
				7C29F6DB28D12F1400D2807F /* Question.swift in Sources */,
				7C8EE86228708C1100B695A4 /* ViewController.swift in Sources */,
				7C29F6DD28D12F7500D2807F /* Quiz.swift in Sources */,
				7C8EE85E28708C1100B695A4 /* AppDelegate.swift in Sources */,
				7C8EE86028708C1100B695A4 /* SceneDelegate.swift in Sources */,
				7C29F6D928D12B2600D2807F /* QuizViewController.swift in Sources */,
				7C18560928F3711E009D3282 /* NASAModel.swift in Sources */,
				7C18560D28F37A09009D3282 /* NASAManagerDelegate.swift in Sources */,
				7C18560B28F3720D009D3282 /* NASAManager.swift in Sources */,
				7C18560728F36A6A009D3282 /* NASAData.swift in Sources */,
			);
			runOnlyForDeploymentPostprocessing = 0;
		};
/* End PBXSourcesBuildPhase section */

/* Begin PBXVariantGroup section */
		7C8EE86328708C1100B695A4 /* Main.storyboard */ = {
			isa = PBXVariantGroup;
			children = (
				7C8EE86428708C1100B695A4 /* Base */,
			);
			name = Main.storyboard;
			sourceTree = "<group>";
		};
		7C8EE86828708C1300B695A4 /* LaunchScreen.storyboard */ = {
			isa = PBXVariantGroup;
			children = (
				7C8EE86928708C1300B695A4 /* Base */,
			);
			name = LaunchScreen.storyboard;
			sourceTree = "<group>";
		};
/* End PBXVariantGroup section */

/* Begin XCBuildConfiguration section */
		7C8EE86C28708C1300B695A4 /* Debug */ = {
			isa = XCBuildConfiguration;
			buildSettings = {
				ALWAYS_SEARCH_USER_PATHS = NO;
				CLANG_ANALYZER_NONNULL = YES;
				CLANG_ANALYZER_NUMBER_OBJECT_CONVERSION = YES_AGGRESSIVE;
				CLANG_CXX_LANGUAGE_STANDARD = "gnu++17";
				CLANG_ENABLE_MODULES = YES;
				CLANG_ENABLE_OBJC_ARC = YES;
				CLANG_ENABLE_OBJC_WEAK = YES;
				CLANG_WARN_BLOCK_CAPTURE_AUTORELEASING = YES;
				CLANG_WARN_BOOL_CONVERSION = YES;
				CLANG_WARN_COMMA = YES;
				CLANG_WARN_CONSTANT_CONVERSION = YES;
				CLANG_WARN_DEPRECATED_OBJC_IMPLEMENTATIONS = YES;
				CLANG_WARN_DIRECT_OBJC_ISA_USAGE = YES_ERROR;
				CLANG_WARN_DOCUMENTATION_COMMENTS = YES;
				CLANG_WARN_EMPTY_BODY = YES;
				CLANG_WARN_ENUM_CONVERSION = YES;
				CLANG_WARN_INFINITE_RECURSION = YES;
				CLANG_WARN_INT_CONVERSION = YES;
				CLANG_WARN_NON_LITERAL_NULL_CONVERSION = YES;
				CLANG_WARN_OBJC_IMPLICIT_RETAIN_SELF = YES;
				CLANG_WARN_OBJC_LITERAL_CONVERSION = YES;
				CLANG_WARN_OBJC_ROOT_CLASS = YES_ERROR;
				CLANG_WARN_QUOTED_INCLUDE_IN_FRAMEWORK_HEADER = YES;
				CLANG_WARN_RANGE_LOOP_ANALYSIS = YES;
				CLANG_WARN_STRICT_PROTOTYPES = YES;
				CLANG_WARN_SUSPICIOUS_MOVE = YES;
				CLANG_WARN_UNGUARDED_AVAILABILITY = YES_AGGRESSIVE;
				CLANG_WARN_UNREACHABLE_CODE = YES;
				CLANG_WARN__DUPLICATE_METHOD_MATCH = YES;
				COPY_PHASE_STRIP = NO;
				DEBUG_INFORMATION_FORMAT = dwarf;
				ENABLE_STRICT_OBJC_MSGSEND = YES;
				ENABLE_TESTABILITY = YES;
				GCC_C_LANGUAGE_STANDARD = gnu11;
				GCC_DYNAMIC_NO_PIC = NO;
				GCC_NO_COMMON_BLOCKS = YES;
				GCC_OPTIMIZATION_LEVEL = 0;
				GCC_PREPROCESSOR_DEFINITIONS = (
					"DEBUG=1",
					"$(inherited)",
				);
				GCC_WARN_64_TO_32_BIT_CONVERSION = YES;
				GCC_WARN_ABOUT_RETURN_TYPE = YES_ERROR;
				GCC_WARN_UNDECLARED_SELECTOR = YES;
				GCC_WARN_UNINITIALIZED_AUTOS = YES_AGGRESSIVE;
				GCC_WARN_UNUSED_FUNCTION = YES;
				GCC_WARN_UNUSED_VARIABLE = YES;
				IPHONEOS_DEPLOYMENT_TARGET = 15.4;
				MTL_ENABLE_DEBUG_INFO = INCLUDE_SOURCE;
				MTL_FAST_MATH = YES;
				ONLY_ACTIVE_ARCH = YES;
				SDKROOT = iphoneos;
				SWIFT_ACTIVE_COMPILATION_CONDITIONS = DEBUG;
				SWIFT_OPTIMIZATION_LEVEL = "-Onone";
			};
			name = Debug;
		};
		7C8EE86D28708C1300B695A4 /* Release */ = {
			isa = XCBuildConfiguration;
			buildSettings = {
				ALWAYS_SEARCH_USER_PATHS = NO;
				CLANG_ANALYZER_NONNULL = YES;
				CLANG_ANALYZER_NUMBER_OBJECT_CONVERSION = YES_AGGRESSIVE;
				CLANG_CXX_LANGUAGE_STANDARD = "gnu++17";
				CLANG_ENABLE_MODULES = YES;
				CLANG_ENABLE_OBJC_ARC = YES;
				CLANG_ENABLE_OBJC_WEAK = YES;
				CLANG_WARN_BLOCK_CAPTURE_AUTORELEASING = YES;
				CLANG_WARN_BOOL_CONVERSION = YES;
				CLANG_WARN_COMMA = YES;
				CLANG_WARN_CONSTANT_CONVERSION = YES;
				CLANG_WARN_DEPRECATED_OBJC_IMPLEMENTATIONS = YES;
				CLANG_WARN_DIRECT_OBJC_ISA_USAGE = YES_ERROR;
				CLANG_WARN_DOCUMENTATION_COMMENTS = YES;
				CLANG_WARN_EMPTY_BODY = YES;
				CLANG_WARN_ENUM_CONVERSION = YES;
				CLANG_WARN_INFINITE_RECURSION = YES;
				CLANG_WARN_INT_CONVERSION = YES;
				CLANG_WARN_NON_LITERAL_NULL_CONVERSION = YES;
				CLANG_WARN_OBJC_IMPLICIT_RETAIN_SELF = YES;
				CLANG_WARN_OBJC_LITERAL_CONVERSION = YES;
				CLANG_WARN_OBJC_ROOT_CLASS = YES_ERROR;
				CLANG_WARN_QUOTED_INCLUDE_IN_FRAMEWORK_HEADER = YES;
				CLANG_WARN_RANGE_LOOP_ANALYSIS = YES;
				CLANG_WARN_STRICT_PROTOTYPES = YES;
				CLANG_WARN_SUSPICIOUS_MOVE = YES;
				CLANG_WARN_UNGUARDED_AVAILABILITY = YES_AGGRESSIVE;
				CLANG_WARN_UNREACHABLE_CODE = YES;
				CLANG_WARN__DUPLICATE_METHOD_MATCH = YES;
				COPY_PHASE_STRIP = NO;
				DEBUG_INFORMATION_FORMAT = "dwarf-with-dsym";
				ENABLE_NS_ASSERTIONS = NO;
				ENABLE_STRICT_OBJC_MSGSEND = YES;
				GCC_C_LANGUAGE_STANDARD = gnu11;
				GCC_NO_COMMON_BLOCKS = YES;
				GCC_WARN_64_TO_32_BIT_CONVERSION = YES;
				GCC_WARN_ABOUT_RETURN_TYPE = YES_ERROR;
				GCC_WARN_UNDECLARED_SELECTOR = YES;
				GCC_WARN_UNINITIALIZED_AUTOS = YES_AGGRESSIVE;
				GCC_WARN_UNUSED_FUNCTION = YES;
				GCC_WARN_UNUSED_VARIABLE = YES;
				IPHONEOS_DEPLOYMENT_TARGET = 15.4;
				MTL_ENABLE_DEBUG_INFO = NO;
				MTL_FAST_MATH = YES;
				SDKROOT = iphoneos;
				SWIFT_COMPILATION_MODE = wholemodule;
				SWIFT_OPTIMIZATION_LEVEL = "-O";
				VALIDATE_PRODUCT = YES;
			};
			name = Release;
		};
		7C8EE86F28708C1300B695A4 /* Debug */ = {
			isa = XCBuildConfiguration;
			buildSettings = {
				ASSETCATALOG_COMPILER_APPICON_NAME = AppIcon;
				ASSETCATALOG_COMPILER_GLOBAL_ACCENT_COLOR_NAME = AccentColor;
				CODE_SIGN_STYLE = Automatic;
				CURRENT_PROJECT_VERSION = 1;
				DEVELOPMENT_TEAM = X3Q2535D83;
				GENERATE_INFOPLIST_FILE = YES;
				INFOPLIST_FILE = Vetnesra/Info.plist;
				INFOPLIST_KEY_UIApplicationSupportsIndirectInputEvents = YES;
				INFOPLIST_KEY_UILaunchStoryboardName = LaunchScreen;
				INFOPLIST_KEY_UIMainStoryboardFile = Main;
				INFOPLIST_KEY_UISupportedInterfaceOrientations_iPad = "UIInterfaceOrientationPortrait UIInterfaceOrientationPortraitUpsideDown UIInterfaceOrientationLandscapeLeft UIInterfaceOrientationLandscapeRight";
				INFOPLIST_KEY_UISupportedInterfaceOrientations_iPhone = "UIInterfaceOrientationPortrait UIInterfaceOrientationLandscapeLeft UIInterfaceOrientationLandscapeRight";
				LD_RUNPATH_SEARCH_PATHS = (
					"$(inherited)",
					"@executable_path/Frameworks",
				);
				MARKETING_VERSION = 1.0;
				PRODUCT_BUNDLE_IDENTIFIER = com.ArsentevInc.Vetnesra;
				PRODUCT_NAME = "$(TARGET_NAME)";
				SWIFT_EMIT_LOC_STRINGS = YES;
				SWIFT_VERSION = 5.0;
				TARGETED_DEVICE_FAMILY = "1,2";
			};
			name = Debug;
		};
		7C8EE87028708C1300B695A4 /* Release */ = {
			isa = XCBuildConfiguration;
			buildSettings = {
				ASSETCATALOG_COMPILER_APPICON_NAME = AppIcon;
				ASSETCATALOG_COMPILER_GLOBAL_ACCENT_COLOR_NAME = AccentColor;
				CODE_SIGN_STYLE = Automatic;
				CURRENT_PROJECT_VERSION = 1;
				DEVELOPMENT_TEAM = X3Q2535D83;
				GENERATE_INFOPLIST_FILE = YES;
				INFOPLIST_FILE = Vetnesra/Info.plist;
				INFOPLIST_KEY_UIApplicationSupportsIndirectInputEvents = YES;
				INFOPLIST_KEY_UILaunchStoryboardName = LaunchScreen;
				INFOPLIST_KEY_UIMainStoryboardFile = Main;
				INFOPLIST_KEY_UISupportedInterfaceOrientations_iPad = "UIInterfaceOrientationPortrait UIInterfaceOrientationPortraitUpsideDown UIInterfaceOrientationLandscapeLeft UIInterfaceOrientationLandscapeRight";
				INFOPLIST_KEY_UISupportedInterfaceOrientations_iPhone = "UIInterfaceOrientationPortrait UIInterfaceOrientationLandscapeLeft UIInterfaceOrientationLandscapeRight";
				LD_RUNPATH_SEARCH_PATHS = (
					"$(inherited)",
					"@executable_path/Frameworks",
				);
				MARKETING_VERSION = 1.0;
				PRODUCT_BUNDLE_IDENTIFIER = com.ArsentevInc.Vetnesra;
				PRODUCT_NAME = "$(TARGET_NAME)";
				SWIFT_EMIT_LOC_STRINGS = YES;
				SWIFT_VERSION = 5.0;
				TARGETED_DEVICE_FAMILY = "1,2";
			};
			name = Release;
		};
/* End XCBuildConfiguration section */

/* Begin XCConfigurationList section */
		7C8EE85528708C1100B695A4 /* Build configuration list for PBXProject "Vetnesra" */ = {
			isa = XCConfigurationList;
			buildConfigurations = (
				7C8EE86C28708C1300B695A4 /* Debug */,
				7C8EE86D28708C1300B695A4 /* Release */,
			);
			defaultConfigurationIsVisible = 0;
			defaultConfigurationName = Release;
		};
		7C8EE86E28708C1300B695A4 /* Build configuration list for PBXNativeTarget "Vetnesra" */ = {
			isa = XCConfigurationList;
			buildConfigurations = (
				7C8EE86F28708C1300B695A4 /* Debug */,
				7C8EE87028708C1300B695A4 /* Release */,
			);
			defaultConfigurationIsVisible = 0;
			defaultConfigurationName = Release;
		};
/* End XCConfigurationList section */
	};
	rootObject = 7C8EE85228708C1100B695A4 /* Project object */;
}
